// !$*UTF8*$!
{
	archiveVersion = 1;
	classes = {
	};
	objectVersion = 48;
	objects = {

/* Begin PBXBuildFile section */
		798FE88E201F5FCC0045E411 /* AppDelegate.m in Sources */ = {isa = PBXBuildFile; fileRef = 798FE88D201F5FCC0045E411 /* AppDelegate.m */; };
		798FE891201F5FCC0045E411 /* ViewController.m in Sources */ = {isa = PBXBuildFile; fileRef = 798FE890201F5FCC0045E411 /* ViewController.m */; };
		798FE894201F5FCC0045E411 /* Main.storyboard in Resources */ = {isa = PBXBuildFile; fileRef = 798FE892201F5FCC0045E411 /* Main.storyboard */; };
		798FE896201F5FCC0045E411 /* Assets.xcassets in Resources */ = {isa = PBXBuildFile; fileRef = 798FE895201F5FCC0045E411 /* Assets.xcassets */; };
		798FE899201F5FCC0045E411 /* LaunchScreen.storyboard in Resources */ = {isa = PBXBuildFile; fileRef = 798FE897201F5FCC0045E411 /* LaunchScreen.storyboard */; };
		798FE89C201F5FCC0045E411 /* main.m in Sources */ = {isa = PBXBuildFile; fileRef = 798FE89B201F5FCC0045E411 /* main.m */; };
/* End PBXBuildFile section */

/* Begin PBXFileReference section */
		798FE889201F5FCC0045E411 /* ExempleUI.app */ = {isa = PBXFileReference; explicitFileType = wrapper.application; includeInIndex = 0; path = ExempleUI.app; sourceTree = BUILT_PRODUCTS_DIR; };
		798FE88C201F5FCC0045E411 /* AppDelegate.h */ = {isa = PBXFileReference; lastKnownFileType = sourcecode.c.h; path = AppDelegate.h; sourceTree = "<group>"; };
		798FE88D201F5FCC0045E411 /* AppDelegate.m */ = {isa = PBXFileReference; lastKnownFileType = sourcecode.c.objc; path = AppDelegate.m; sourceTree = "<group>"; };
		798FE88F201F5FCC0045E411 /* ViewController.h */ = {isa = PBXFileReference; lastKnownFileType = sourcecode.c.h; path = ViewController.h; sourceTree = "<group>"; };
		798FE890201F5FCC0045E411 /* ViewController.m */ = {isa = PBXFileReference; lastKnownFileType = sourcecode.c.objc; path = ViewController.m; sourceTree = "<group>"; };
		798FE893201F5FCC0045E411 /* Base */ = {isa = PBXFileReference; lastKnownFileType = file.storyboard; name = Base; path = Base.lproj/Main.storyboard; sourceTree = "<group>"; };
		798FE895201F5FCC0045E411 /* Assets.xcassets */ = {isa = PBXFileReference; lastKnownFileType = folder.assetcatalog; path = Assets.xcassets; sourceTree = "<group>"; };
		798FE898201F5FCC0045E411 /* Base */ = {isa = PBXFileReference; lastKnownFileType = file.storyboard; name = Base; path = Base.lproj/LaunchScreen.storyboard; sourceTree = "<group>"; };
		798FE89A201F5FCC0045E411 /* Info.plist */ = {isa = PBXFileReference; lastKnownFileType = text.plist.xml; path = Info.plist; sourceTree = "<group>"; };
		798FE89B201F5FCC0045E411 /* main.m */ = {isa = PBXFileReference; lastKnownFileType = sourcecode.c.objc; path = main.m; sourceTree = "<group>"; };
/* End PBXFileReference section */

/* Begin PBXFrameworksBuildPhase section */
		798FE886201F5FCC0045E411 /* Frameworks */ = {
			isa = PBXFrameworksBuildPhase;
			buildActionMask = 2147483647;
			files = (
			);
			runOnlyForDeploymentPostprocessing = 0;
		};
/* End PBXFrameworksBuildPhase section */

/* Begin PBXGroup section */
		798FE880201F5FCC0045E411 = {
			isa = PBXGroup;
			children = (
				798FE88B201F5FCC0045E411 /* ExempleUI */,
				798FE88A201F5FCC0045E411 /* Products */,
			);
			sourceTree = "<group>";
		};
		798FE88A201F5FCC0045E411 /* Products */ = {
			isa = PBXGroup;
			children = (
				798FE889201F5FCC0045E411 /* ExempleUI.app */,
			);
			name = Products;
			sourceTree = "<group>";
		};
		798FE88B201F5FCC0045E411 /* ExempleUI */ = {
			isa = PBXGroup;
			children = (
				798FE88C201F5FCC0045E411 /* AppDelegate.h */,
				798FE88D201F5FCC0045E411 /* AppDelegate.m */,
				798FE88F201F5FCC0045E411 /* ViewController.h */,
				798FE890201F5FCC0045E411 /* ViewController.m */,
				798FE892201F5FCC0045E411 /* Main.storyboard */,
				798FE895201F5FCC0045E411 /* Assets.xcassets */,
				798FE897201F5FCC0045E411 /* LaunchScreen.storyboard */,
				798FE89A201F5FCC0045E411 /* Info.plist */,
				798FE89B201F5FCC0045E411 /* main.m */,
			);
			path = ExempleUI;
			sourceTree = "<group>";
		};
/* End PBXGroup section */

/* Begin PBXNativeTarget section */
		798FE888201F5FCC0045E411 /* ExempleUI */ = {
			isa = PBXNativeTarget;
			buildConfigurationList = 798FE89F201F5FCC0045E411 /* Build configuration list for PBXNativeTarget "ExempleUI" */;
			buildPhases = (
				798FE885201F5FCC0045E411 /* Sources */,
				798FE886201F5FCC0045E411 /* Frameworks */,
				798FE887201F5FCC0045E411 /* Resources */,
			);
			buildRules = (
			);
			dependencies = (
			);
			name = ExempleUI;
			productName = ExempleUI;
			productReference = 798FE889201F5FCC0045E411 /* ExempleUI.app */;
			productType = "com.apple.product-type.application";
		};
/* End PBXNativeTarget section */

/* Begin PBXProject section */
		798FE881201F5FCC0045E411 /* Project object */ = {
			isa = PBXProject;
			attributes = {
				LastUpgradeCheck = 0920;
				ORGANIZATIONNAME = KelvinBernadel;
				TargetAttributes = {
					798FE888201F5FCC0045E411 = {
						CreatedOnToolsVersion = 9.2;
						ProvisioningStyle = Automatic;
					};
				};
			};
			buildConfigurationList = 798FE884201F5FCC0045E411 /* Build configuration list for PBXProject "ExempleUI" */;
			compatibilityVersion = "Xcode 8.0";
			developmentRegion = en;
			hasScannedForEncodings = 0;
			knownRegions = (
				en,
				Base,
			);
			mainGroup = 798FE880201F5FCC0045E411;
			productRefGroup = 798FE88A201F5FCC0045E411 /* Products */;
			projectDirPath = "";
			projectRoot = "";
			targets = (
				798FE888201F5FCC0045E411 /* ExempleUI */,
			);
		};
/* End PBXProject section */

/* Begin PBXResourcesBuildPhase section */
		798FE887201F5FCC0045E411 /* Resources */ = {
			isa = PBXResourcesBuildPhase;
			buildActionMask = 2147483647;
			files = (
				798FE899201F5FCC0045E411 /* LaunchScreen.storyboard in Resources */,
				798FE896201F5FCC0045E411 /* Assets.xcassets in Resources */,
				798FE894201F5FCC0045E411 /* Main.storyboard in Resources */,
			);
			runOnlyForDeploymentPostprocessing = 0;
		};
/* End PBXResourcesBuildPhase section */

/* Begin PBXSourcesBuildPhase section */
		798FE885201F5FCC0045E411 /* Sources */ = {
			isa = PBXSourcesBuildPhase;
			buildActionMask = 2147483647;
			files = (
				798FE891201F5FCC0045E411 /* ViewController.m in Sources */,
				798FE89C201F5FCC0045E411 /* main.m in Sources */,
				798FE88E201F5FCC0045E411 /* AppDelegate.m in Sources */,
			);
			runOnlyForDeploymentPostprocessing = 0;
		};
/* End PBXSourcesBuildPhase section */

/* Begin PBXVariantGroup section */
		798FE892201F5FCC0045E411 /* Main.storyboard */ = {
			isa = PBXVariantGroup;
			children = (
				798FE893201F5FCC0045E411 /* Base */,
			);
			name = Main.storyboard;
			sourceTree = "<group>";
		};
		798FE897201F5FCC0045E411 /* LaunchScreen.storyboard */ = {
			isa = PBXVariantGroup;
			children = (
				798FE898201F5FCC0045E411 /* Base */,
			);
			name = LaunchScreen.storyboard;
			sourceTree = "<group>";
		};
/* End PBXVariantGroup section */

/* Begin XCBuildConfiguration section */
		798FE89D201F5FCC0045E411 /* Debug */ = {
			isa = XCBuildConfiguration;
			buildSettings = {
				ALWAYS_SEARCH_USER_PATHS = NO;
				CLANG_ANALYZER_NONNULL = YES;
				CLANG_ANALYZER_NUMBER_OBJECT_CONVERSION = YES_AGGRESSIVE;
				CLANG_CXX_LANGUAGE_STANDARD = "gnu++14";
				CLANG_CXX_LIBRARY = "libc++";
				CLANG_ENABLE_MODULES = YES;
				CLANG_ENABLE_OBJC_ARC = YES;
				CLANG_WARN_BLOCK_CAPTURE_AUTORELEASING = YES;
				CLANG_WARN_BOOL_CONVERSION = YES;
				CLANG_WARN_COMMA = YES;
				CLANG_WARN_CONSTANT_CONVERSION = YES;
				CLANG_WARN_DIRECT_OBJC_ISA_USAGE = YES_ERROR;
				CLANG_WARN_DOCUMENTATION_COMMENTS = YES;
				CLANG_WARN_EMPTY_BODY = YES;
				CLANG_WARN_ENUM_CONVERSION = YES;
				CLANG_WARN_INFINITE_RECURSION = YES;
				CLANG_WARN_INT_CONVERSION = YES;
				CLANG_WARN_NON_LITERAL_NULL_CONVERSION = YES;
				CLANG_WARN_OBJC_LITERAL_CONVERSION = YES;
				CLANG_WARN_OBJC_ROOT_CLASS = YES_ERROR;
				CLANG_WARN_RANGE_LOOP_ANALYSIS = YES;
				CLANG_WARN_STRICT_PROTOTYPES = YES;
				CLANG_WARN_SUSPICIOUS_MOVE = YES;
				CLANG_WARN_UNGUARDED_AVAILABILITY = YES_AGGRESSIVE;
				CLANG_WARN_UNREACHABLE_CODE = YES;
				CLANG_WARN__DUPLICATE_METHOD_MATCH = YES;
				CODE_SIGN_IDENTITY = "iPhone Developer";
				COPY_PHASE_STRIP = NO;
				DEBUG_INFORMATION_FORMAT = dwarf;
				ENABLE_STRICT_OBJC_MSGSEND = YES;
				ENABLE_TESTABILITY = YES;
				GCC_C_LANGUAGE_STANDARD = gnu11;
				GCC_DYNAMIC_NO_PIC = NO;
				GCC_NO_COMMON_BLOCKS = YES;
				GCC_OPTIMIZATION_LEVEL = 0;
				GCC_PREPROCESSOR_DEFINITIONS = (
					"DEBUG=1",
					"$(inherited)",
				);
				GCC_WARN_64_TO_32_BIT_CONVERSION = YES;
				GCC_WARN_ABOUT_RETURN_TYPE = YES_ERROR;
				GCC_WARN_UNDECLARED_SELECTOR = YES;
				GCC_WARN_UNINITIALIZED_AUTOS = YES_AGGRESSIVE;
				GCC_WARN_UNUSED_FUNCTION = YES;
				GCC_WARN_UNUSED_VARIABLE = YES;
				IPHONEOS_DEPLOYMENT_TARGET = 11.2;
				MTL_ENABLE_DEBUG_INFO = YES;
				ONLY_ACTIVE_ARCH = YES;
				SDKROOT = iphoneos;
			};
			name = Debug;
		};
		798FE89E201F5FCC0045E411 /* Release */ = {
			isa = XCBuildConfiguration;
			buildSettings = {
				ALWAYS_SEARCH_USER_PATHS = NO;
				CLANG_ANALYZER_NONNULL = YES;
				CLANG_ANALYZER_NUMBER_OBJECT_CONVERSION = YES_AGGRESSIVE;
				CLANG_CXX_LANGUAGE_STANDARD = "gnu++14";
				CLANG_CXX_LIBRARY = "libc++";
				CLANG_ENABLE_MODULES = YES;
				CLANG_ENABLE_OBJC_ARC = YES;
				CLANG_WARN_BLOCK_CAPTURE_AUTORELEASING = YES;
				CLANG_WARN_BOOL_CONVERSION = YES;
				CLANG_WARN_COMMA = YES;
				CLANG_WARN_CONSTANT_CONVERSION = YES;
				CLANG_WARN_DIRECT_OBJC_ISA_USAGE = YES_ERROR;
				CLANG_WARN_DOCUMENTATION_COMMENTS = YES;
				CLANG_WARN_EMPTY_BODY = YES;
				CLANG_WARN_ENUM_CONVERSION = YES;
				CLANG_WARN_INFINITE_RECURSION = YES;
				CLANG_WARN_INT_CONVERSION = YES;
				CLANG_WARN_NON_LITERAL_NULL_CONVERSION = YES;
				CLANG_WARN_OBJC_LITERAL_CONVERSION = YES;
				CLANG_WARN_OBJC_ROOT_CLASS = YES_ERROR;
				CLANG_WARN_RANGE_LOOP_ANALYSIS = YES;
				CLANG_WARN_STRICT_PROTOTYPES = YES;
				CLANG_WARN_SUSPICIOUS_MOVE = YES;
				CLANG_WARN_UNGUARDED_AVAILABILITY = YES_AGGRESSIVE;
				CLANG_WARN_UNREACHABLE_CODE = YES;
				CLANG_WARN__DUPLICATE_METHOD_MATCH = YES;
				CODE_SIGN_IDENTITY = "iPhone Developer";
				COPY_PHASE_STRIP = NO;
				DEBUG_INFORMATION_FORMAT = "dwarf-with-dsym";
				ENABLE_NS_ASSERTIONS = NO;
				ENABLE_STRICT_OBJC_MSGSEND = YES;
				GCC_C_LANGUAGE_STANDARD = gnu11;
				GCC_NO_COMMON_BLOCKS = YES;
				GCC_WARN_64_TO_32_BIT_CONVERSION = YES;
				GCC_WARN_ABOUT_RETURN_TYPE = YES_ERROR;
				GCC_WARN_UNDECLARED_SELECTOR = YES;
				GCC_WARN_UNINITIALIZED_AUTOS = YES_AGGRESSIVE;
				GCC_WARN_UNUSED_FUNCTION = YES;
				GCC_WARN_UNUSED_VARIABLE = YES;
				IPHONEOS_DEPLOYMENT_TARGET = 11.2;
				MTL_ENABLE_DEBUG_INFO = NO;
				SDKROOT = iphoneos;
				VALIDATE_PRODUCT = YES;
			};
			name = Release;
		};
		798FE8A0201F5FCC0045E411 /* Debug */ = {
			isa = XCBuildConfiguration;
			buildSettings = {
				ASSETCATALOG_COMPILER_APPICON_NAME = AppIcon;
				CODE_SIGN_STYLE = Automatic;
				INFOPLIST_FILE = ExempleUI/Info.plist;
				LD_RUNPATH_SEARCH_PATHS = "$(inherited) @executable_path/Frameworks";
				PRODUCT_BUNDLE_IDENTIFIER = ETS.ExempleUI;
				PRODUCT_NAME = "$(TARGET_NAME)";
				TARGETED_DEVICE_FAMILY = 1;
			};
			name = Debug;
		};
		798FE8A1201F5FCC0045E411 /* Release */ = {
			isa = XCBuildConfiguration;
			buildSettings = {
				ASSETCATALOG_COMPILER_APPICON_NAME = AppIcon;
				CODE_SIGN_STYLE = Automatic;
				INFOPLIST_FILE = ExempleUI/Info.plist;
				LD_RUNPATH_SEARCH_PATHS = "$(inherited) @executable_path/Frameworks";
				PRODUCT_BUNDLE_IDENTIFIER = ETS.ExempleUI;
				PRODUCT_NAME = "$(TARGET_NAME)";
				TARGETED_DEVICE_FAMILY = 1;
			};
			name = Release;
		};
/* End XCBuildConfiguration section */

/* Begin XCConfigurationList section */
		798FE884201F5FCC0045E411 /* Build configuration list for PBXProject "ExempleUI" */ = {
			isa = XCConfigurationList;
			buildConfigurations = (
				798FE89D201F5FCC0045E411 /* Debug */,
				798FE89E201F5FCC0045E411 /* Release */,
			);
			defaultConfigurationIsVisible = 0;
			defaultConfigurationName = Release;
		};
		798FE89F201F5FCC0045E411 /* Build configuration list for PBXNativeTarget "ExempleUI" */ = {
			isa = XCConfigurationList;
			buildConfigurations = (
				798FE8A0201F5FCC0045E411 /* Debug */,
				798FE8A1201F5FCC0045E411 /* Release */,
			);
			defaultConfigurationIsVisible = 0;
			defaultConfigurationName = Release;
		};
/* End XCConfigurationList section */
	};
	rootObject = 798FE881201F5FCC0045E411 /* Project object */;
}
